
Microsoft Visual Studio Solution File, Format Version 12.00
# Visual Studio 15
VisualStudioVersion = 15.0.28307.572
MinimumVisualStudioVersion = 10.0.40219.1
Project("{FAE04EC0-301F-11D3-BF4B-00C04F79EFBC}") = "SiS.Communication", "SiS.Communication\SiS.Communication.csproj", "{91BA755B-D3CD-47B7-9990-AC2749EC84BB}"
EndProject
Project("{9A19103F-16F7-4668-BE54-9A1E7A4F7556}") = "SiS.Communication.Standard20", "SiS.Communication.Standard20\SiS.Communication.Standard20.csproj", "{CB7D1280-AF0D-4126-ABE0-0D13B9C853EA}"
EndProject
Project("{FAE04EC0-301F-11D3-BF4B-00C04F79EFBC}") = "SiS.Communication.Demo", "SiS.Communication.Demo\SiS.Communication.Demo.csproj", "{3205E7ED-F667-4689-A9E9-09ECBCD71977}"
EndProject
Project("{FAE04EC0-301F-11D3-BF4B-00C04F79EFBC}") = "TcpFile.Demo", "TcpFile.Demo\TcpFile.Demo.csproj", "{A6E4074A-DE54-4818-A2F7-5F48C1DBA993}"
EndProject
Project("{FAE04EC0-301F-11D3-BF4B-00C04F79EFBC}") = "TcpProxy", "TcpProxy\TcpProxy.csproj", "{6E6A828E-A3D1-4B08-BD05-FC1EF78B9C0F}"
EndProject
Global
	GlobalSection(SolutionConfigurationPlatforms) = preSolution
		Debug|Any CPU = Debug|Any CPU
		Release|Any CPU = Release|Any CPU
	EndGlobalSection
	GlobalSection(ProjectConfigurationPlatforms) = postSolution
		{91BA755B-D3CD-47B7-9990-AC2749EC84BB}.Debug|Any CPU.ActiveCfg = Debug|Any CPU
		{91BA755B-D3CD-47B7-9990-AC2749EC84BB}.Debug|Any CPU.Build.0 = Debug|Any CPU
		{91BA755B-D3CD-47B7-9990-AC2749EC84BB}.Release|Any CPU.ActiveCfg = Release|Any CPU
		{91BA755B-D3CD-47B7-9990-AC2749EC84BB}.Release|Any CPU.Build.0 = Release|Any CPU
		{CB7D1280-AF0D-4126-ABE0-0D13B9C853EA}.Debug|Any CPU.ActiveCfg = Debug|Any CPU
		{CB7D1280-AF0D-4126-ABE0-0D13B9C853EA}.Debug|Any CPU.Build.0 = Debug|Any CPU
		{CB7D1280-AF0D-4126-ABE0-0D13B9C853EA}.Release|Any CPU.ActiveCfg = Release|Any CPU
		{CB7D1280-AF0D-4126-ABE0-0D13B9C853EA}.Release|Any CPU.Build.0 = Release|Any CPU
		{3205E7ED-F667-4689-A9E9-09ECBCD71977}.Debug|Any CPU.ActiveCfg = Debug|Any CPU
		{3205E7ED-F667-4689-A9E9-09ECBCD71977}.Debug|Any CPU.Build.0 = Debug|Any CPU
		{3205E7ED-F667-4689-A9E9-09ECBCD71977}.Release|Any CPU.ActiveCfg = Release|Any CPU
		{3205E7ED-F667-4689-A9E9-09ECBCD71977}.Release|Any CPU.Build.0 = Release|Any CPU
		{A6E4074A-DE54-4818-A2F7-5F48C1DBA993}.Debug|Any CPU.ActiveCfg = Debug|Any CPU
		{A6E4074A-DE54-4818-A2F7-5F48C1DBA993}.Debug|Any CPU.Build.0 = Debug|Any CPU
		{A6E4074A-DE54-4818-A2F7-5F48C1DBA993}.Release|Any CPU.ActiveCfg = Release|Any CPU
		{A6E4074A-DE54-4818-A2F7-5F48C1DBA993}.Release|Any CPU.Build.0 = Release|Any CPU
		{6E6A828E-A3D1-4B08-BD05-FC1EF78B9C0F}.Debug|Any CPU.ActiveCfg = Debug|Any CPU
		{6E6A828E-A3D1-4B08-BD05-FC1EF78B9C0F}.Debug|Any CPU.Build.0 = Debug|Any CPU
		{6E6A828E-A3D1-4B08-BD05-FC1EF78B9C0F}.Release|Any CPU.ActiveCfg = Release|Any CPU
		{6E6A828E-A3D1-4B08-BD05-FC1EF78B9C0F}.Release|Any CPU.Build.0 = Release|Any CPU
	EndGlobalSection
	GlobalSection(SolutionProperties) = preSolution
		HideSolutionNode = FALSE
	EndGlobalSection
	GlobalSection(ExtensibilityGlobals) = postSolution
		SolutionGuid = {D007E6D6-E657-4E18-902F-897BF1154E0D}
	EndGlobalSection
EndGlobal
